
Microsoft Visual Studio Solution File, Format Version 12.00
# Visual Studio 15
VisualStudioVersion = 15.0.27004.2010
MinimumVisualStudioVersion = 10.0.40219.1
Project("{8BC9CEB8-8B4A-11D0-8D11-00A0C91BC942}") = "Lesson06task1", "Courses (2)\Courses (2).vcxproj", "{42917CC5-CBB7-4A53-829B-88D438889146}"
EndProject
Project("{8BC9CEB8-8B4A-11D0-8D11-00A0C91BC942}") = "Lesson06task2", "Lesson6task2()\Lesson6task2().vcxproj", "{4EC5547D-9D7D-49D9-9E4C-103FEFE3C93E}"
EndProject
Project("{8BC9CEB8-8B4A-11D0-8D11-00A0C91BC942}") = "Lesson06task3", "Lesson6task3\Lesson6task3.vcxproj", "{008AECBE-D098-42A3-834F-CCA7847F61D7}"
EndProject
Project("{8BC9CEB8-8B4A-11D0-8D11-00A0C91BC942}") = "Lesson06task4", "Lesson6task4\Lesson6task4.vcxproj", "{C32C9169-7D6A-44F3-A90E-31DCFE85DF31}"
EndProject
Project("{8BC9CEB8-8B4A-11D0-8D11-00A0C91BC942}") = "Lesson06task5", "Lesson6task5\Lesson6task5.vcxproj", "{CF4979B8-5823-4445-A943-F302D6F3DFEA}"
EndProject
Project("{8BC9CEB8-8B4A-11D0-8D11-00A0C91BC942}") = "Lesson07task1", "Lesson7task1\Lesson7task1.vcxproj", "{6D2AB0A5-AE5A-4201-ACE3-5411F21459BA}"
EndProject
Project("{8BC9CEB8-8B4A-11D0-8D11-00A0C91BC942}") = "Lesson07task2", "Lesson7tassk2\Lesson7tassk2.vcxproj", "{2914B9FB-5D03-462D-A187-8BD4F36BC5B1}"
EndProject
Project("{8BC9CEB8-8B4A-11D0-8D11-00A0C91BC942}") = "Lesson07task3", "Lesson7task3\Lesson7task3.vcxproj", "{BDB9C790-34D4-40A8-B243-6F1A6E9EDF78}"
EndProject
Project("{8BC9CEB8-8B4A-11D0-8D11-00A0C91BC942}") = "Lesson07task4", "Lesson7task4\Lesson7task4.vcxproj", "{00833F41-9854-4A66-A1EB-4B98EB417EF2}"
EndProject
Project("{8BC9CEB8-8B4A-11D0-8D11-00A0C91BC942}") = "Lesson08task1", "Lesson8task1\Lesson8task1.vcxproj", "{1CA5744D-27BF-4E79-8465-831DAF887B30}"
EndProject
Project("{8BC9CEB8-8B4A-11D0-8D11-00A0C91BC942}") = "Lesson08task2BinaryFiles", "Lesson8task2\Lesson8task2.vcxproj", "{5F4A74E4-8FEE-4AE6-8E90-C90A5DBC36A3}"
EndProject
Project("{8BC9CEB8-8B4A-11D0-8D11-00A0C91BC942}") = "Lesson08task3TextFiles", "Lesson8task3TextFiles\Lesson8task3TextFiles.vcxproj", "{44B492B6-207F-429D-A3AE-CDAF982D8068}"
EndProject
Project("{8BC9CEB8-8B4A-11D0-8D11-00A0C91BC942}") = "Lesson09task2", "Project1\Project1.vcxproj", "{98CDFFB6-BF07-4710-90B6-5F43DD568CA2}"
EndProject
Project("{8BC9CEB8-8B4A-11D0-8D11-00A0C91BC942}") = "Lesson09task1", "pr1\pr1.vcxproj", "{9AEBECBF-09E7-4B96-9F37-D7A40EFC545D}"
EndProject
Project("{8BC9CEB8-8B4A-11D0-8D11-00A0C91BC942}") = "Lesson10task1", "Lesson10task1\Lesson10task1.vcxproj", "{1074BC43-E83A-467D-A848-BFDA7E2D3B55}"
EndProject
Project("{8BC9CEB8-8B4A-11D0-8D11-00A0C91BC942}") = "Lesson11task1TemplateAndMerge", "Lesson11task1\Lesson11task1.vcxproj", "{C8D66CEC-D3D8-48BD-ADDF-AA85221A81F5}"
EndProject
Project("{8BC9CEB8-8B4A-11D0-8D11-00A0C91BC942}") = "Lesson11task2Stack", "Lesson11task2\Lesson11task2.vcxproj", "{8C9B7AEB-9479-4643-BDFD-E1A0EB113C5E}"
EndProject
Project("{8BC9CEB8-8B4A-11D0-8D11-00A0C91BC942}") = "Lesson11task2BracketBalance", "Lesson11task2StackLikeStruct\Lesson11task2StackLikeStruct.vcxproj", "{67B513B8-25EB-4264-9E62-132736D40464}"
EndProject
Project("{8BC9CEB8-8B4A-11D0-8D11-00A0C91BC942}") = "Lesson12task1Queue", "Lesson12task1\Lesson12task1.vcxproj", "{0D35CD8D-D6F9-46E6-B59A-2CE990DCA72D}"
EndProject
Project("{8BC9CEB8-8B4A-11D0-8D11-00A0C91BC942}") = "Lesson12task2", "Lesson12task2\Lesson12task2.vcxproj", "{0FE9825E-EA43-4E10-B5F5-A0900AC33875}"
EndProject
Project("{8BC9CEB8-8B4A-11D0-8D11-00A0C91BC942}") = "Lesson12Task2V2", "Lesson12Task2V2\Lesson12Task2V2.vcxproj", "{0DC1B2F8-0AEA-4A17-829F-A67CD80BA9E9}"
EndProject
Project("{8BC9CEB8-8B4A-11D0-8D11-00A0C91BC942}") = "Lesson12task3", "Lesson12task3\Lesson12task3.vcxproj", "{98FEF46A-2D0E-42F8-93E2-8A01FEFDF97C}"
EndProject
Project("{8BC9CEB8-8B4A-11D0-8D11-00A0C91BC942}") = "Lesson12task4", "Lesson12task4\Lesson12task4.vcxproj", "{DDBCAF4C-C829-42FF-8E46-8625BE92E1EC}"
EndProject
Project("{8BC9CEB8-8B4A-11D0-8D11-00A0C91BC942}") = "Lesson12task5", "Lesson12task5\Lesson12task5.vcxproj", "{A7697615-211A-42BD-9EE7-44270A5D6ECE}"
EndProject
Project("{8BC9CEB8-8B4A-11D0-8D11-00A0C91BC942}") = "Lesson14task1VECTOR", "Lesson14task1VECTOR\Lesson14task1VECTOR.vcxproj", "{4C5AA1F6-7807-48EA-8E90-49AB70F364A9}"
EndProject
Project("{8BC9CEB8-8B4A-11D0-8D11-00A0C91BC942}") = "Nasledovanie", "Nasledovanie\Nasledovanie.vcxproj", "{8BE58B68-398D-472C-8DCC-868657AEDD76}"
EndProject
Global
	GlobalSection(SolutionConfigurationPlatforms) = preSolution
		Debug|x64 = Debug|x64
		Debug|x86 = Debug|x86
		Release|x64 = Release|x64
		Release|x86 = Release|x86
	EndGlobalSection
	GlobalSection(ProjectConfigurationPlatforms) = postSolution
		{42917CC5-CBB7-4A53-829B-88D438889146}.Debug|x64.ActiveCfg = Debug|x64
		{42917CC5-CBB7-4A53-829B-88D438889146}.Debug|x64.Build.0 = Debug|x64
		{42917CC5-CBB7-4A53-829B-88D438889146}.Debug|x86.ActiveCfg = Debug|Win32
		{42917CC5-CBB7-4A53-829B-88D438889146}.Debug|x86.Build.0 = Debug|Win32
		{42917CC5-CBB7-4A53-829B-88D438889146}.Release|x64.ActiveCfg = Release|x64
		{42917CC5-CBB7-4A53-829B-88D438889146}.Release|x64.Build.0 = Release|x64
		{42917CC5-CBB7-4A53-829B-88D438889146}.Release|x86.ActiveCfg = Release|Win32
		{42917CC5-CBB7-4A53-829B-88D438889146}.Release|x86.Build.0 = Release|Win32
		{4EC5547D-9D7D-49D9-9E4C-103FEFE3C93E}.Debug|x64.ActiveCfg = Debug|x64
		{4EC5547D-9D7D-49D9-9E4C-103FEFE3C93E}.Debug|x64.Build.0 = Debug|x64
		{4EC5547D-9D7D-49D9-9E4C-103FEFE3C93E}.Debug|x86.ActiveCfg = Debug|Win32
		{4EC5547D-9D7D-49D9-9E4C-103FEFE3C93E}.Debug|x86.Build.0 = Debug|Win32
		{4EC5547D-9D7D-49D9-9E4C-103FEFE3C93E}.Release|x64.ActiveCfg = Release|x64
		{4EC5547D-9D7D-49D9-9E4C-103FEFE3C93E}.Release|x64.Build.0 = Release|x64
		{4EC5547D-9D7D-49D9-9E4C-103FEFE3C93E}.Release|x86.ActiveCfg = Release|Win32
		{4EC5547D-9D7D-49D9-9E4C-103FEFE3C93E}.Release|x86.Build.0 = Release|Win32
		{008AECBE-D098-42A3-834F-CCA7847F61D7}.Debug|x64.ActiveCfg = Debug|x64
		{008AECBE-D098-42A3-834F-CCA7847F61D7}.Debug|x64.Build.0 = Debug|x64
		{008AECBE-D098-42A3-834F-CCA7847F61D7}.Debug|x86.ActiveCfg = Debug|Win32
		{008AECBE-D098-42A3-834F-CCA7847F61D7}.Debug|x86.Build.0 = Debug|Win32
		{008AECBE-D098-42A3-834F-CCA7847F61D7}.Release|x64.ActiveCfg = Release|x64
		{008AECBE-D098-42A3-834F-CCA7847F61D7}.Release|x64.Build.0 = Release|x64
		{008AECBE-D098-42A3-834F-CCA7847F61D7}.Release|x86.ActiveCfg = Release|Win32
		{008AECBE-D098-42A3-834F-CCA7847F61D7}.Release|x86.Build.0 = Release|Win32
		{C32C9169-7D6A-44F3-A90E-31DCFE85DF31}.Debug|x64.ActiveCfg = Debug|x64
		{C32C9169-7D6A-44F3-A90E-31DCFE85DF31}.Debug|x64.Build.0 = Debug|x64
		{C32C9169-7D6A-44F3-A90E-31DCFE85DF31}.Debug|x86.ActiveCfg = Debug|Win32
		{C32C9169-7D6A-44F3-A90E-31DCFE85DF31}.Debug|x86.Build.0 = Debug|Win32
		{C32C9169-7D6A-44F3-A90E-31DCFE85DF31}.Release|x64.ActiveCfg = Release|x64
		{C32C9169-7D6A-44F3-A90E-31DCFE85DF31}.Release|x64.Build.0 = Release|x64
		{C32C9169-7D6A-44F3-A90E-31DCFE85DF31}.Release|x86.ActiveCfg = Release|Win32
		{C32C9169-7D6A-44F3-A90E-31DCFE85DF31}.Release|x86.Build.0 = Release|Win32
		{CF4979B8-5823-4445-A943-F302D6F3DFEA}.Debug|x64.ActiveCfg = Debug|x64
		{CF4979B8-5823-4445-A943-F302D6F3DFEA}.Debug|x64.Build.0 = Debug|x64
		{CF4979B8-5823-4445-A943-F302D6F3DFEA}.Debug|x86.ActiveCfg = Debug|Win32
		{CF4979B8-5823-4445-A943-F302D6F3DFEA}.Debug|x86.Build.0 = Debug|Win32
		{CF4979B8-5823-4445-A943-F302D6F3DFEA}.Release|x64.ActiveCfg = Release|x64
		{CF4979B8-5823-4445-A943-F302D6F3DFEA}.Release|x64.Build.0 = Release|x64
		{CF4979B8-5823-4445-A943-F302D6F3DFEA}.Release|x86.ActiveCfg = Release|Win32
		{CF4979B8-5823-4445-A943-F302D6F3DFEA}.Release|x86.Build.0 = Release|Win32
		{6D2AB0A5-AE5A-4201-ACE3-5411F21459BA}.Debug|x64.ActiveCfg = Debug|x64
		{6D2AB0A5-AE5A-4201-ACE3-5411F21459BA}.Debug|x64.Build.0 = Debug|x64
		{6D2AB0A5-AE5A-4201-ACE3-5411F21459BA}.Debug|x86.ActiveCfg = Debug|Win32
		{6D2AB0A5-AE5A-4201-ACE3-5411F21459BA}.Debug|x86.Build.0 = Debug|Win32
		{6D2AB0A5-AE5A-4201-ACE3-5411F21459BA}.Release|x64.ActiveCfg = Release|x64
		{6D2AB0A5-AE5A-4201-ACE3-5411F21459BA}.Release|x64.Build.0 = Release|x64
		{6D2AB0A5-AE5A-4201-ACE3-5411F21459BA}.Release|x86.ActiveCfg = Release|Win32
		{6D2AB0A5-AE5A-4201-ACE3-5411F21459BA}.Release|x86.Build.0 = Release|Win32
		{2914B9FB-5D03-462D-A187-8BD4F36BC5B1}.Debug|x64.ActiveCfg = Debug|x64
		{2914B9FB-5D03-462D-A187-8BD4F36BC5B1}.Debug|x64.Build.0 = Debug|x64
		{2914B9FB-5D03-462D-A187-8BD4F36BC5B1}.Debug|x86.ActiveCfg = Debug|Win32
		{2914B9FB-5D03-462D-A187-8BD4F36BC5B1}.Debug|x86.Build.0 = Debug|Win32
		{2914B9FB-5D03-462D-A187-8BD4F36BC5B1}.Release|x64.ActiveCfg = Release|x64
		{2914B9FB-5D03-462D-A187-8BD4F36BC5B1}.Release|x64.Build.0 = Release|x64
		{2914B9FB-5D03-462D-A187-8BD4F36BC5B1}.Release|x86.ActiveCfg = Release|Win32
		{2914B9FB-5D03-462D-A187-8BD4F36BC5B1}.Release|x86.Build.0 = Release|Win32
		{BDB9C790-34D4-40A8-B243-6F1A6E9EDF78}.Debug|x64.ActiveCfg = Debug|x64
		{BDB9C790-34D4-40A8-B243-6F1A6E9EDF78}.Debug|x64.Build.0 = Debug|x64
		{BDB9C790-34D4-40A8-B243-6F1A6E9EDF78}.Debug|x86.ActiveCfg = Debug|Win32
		{BDB9C790-34D4-40A8-B243-6F1A6E9EDF78}.Debug|x86.Build.0 = Debug|Win32
		{BDB9C790-34D4-40A8-B243-6F1A6E9EDF78}.Release|x64.ActiveCfg = Release|x64
		{BDB9C790-34D4-40A8-B243-6F1A6E9EDF78}.Release|x64.Build.0 = Release|x64
		{BDB9C790-34D4-40A8-B243-6F1A6E9EDF78}.Release|x86.ActiveCfg = Release|Win32
		{BDB9C790-34D4-40A8-B243-6F1A6E9EDF78}.Release|x86.Build.0 = Release|Win32
		{00833F41-9854-4A66-A1EB-4B98EB417EF2}.Debug|x64.ActiveCfg = Debug|x64
		{00833F41-9854-4A66-A1EB-4B98EB417EF2}.Debug|x64.Build.0 = Debug|x64
		{00833F41-9854-4A66-A1EB-4B98EB417EF2}.Debug|x86.ActiveCfg = Debug|Win32
		{00833F41-9854-4A66-A1EB-4B98EB417EF2}.Debug|x86.Build.0 = Debug|Win32
		{00833F41-9854-4A66-A1EB-4B98EB417EF2}.Release|x64.ActiveCfg = Release|x64
		{00833F41-9854-4A66-A1EB-4B98EB417EF2}.Release|x64.Build.0 = Release|x64
		{00833F41-9854-4A66-A1EB-4B98EB417EF2}.Release|x86.ActiveCfg = Release|Win32
		{00833F41-9854-4A66-A1EB-4B98EB417EF2}.Release|x86.Build.0 = Release|Win32
		{1CA5744D-27BF-4E79-8465-831DAF887B30}.Debug|x64.ActiveCfg = Debug|x64
		{1CA5744D-27BF-4E79-8465-831DAF887B30}.Debug|x64.Build.0 = Debug|x64
		{1CA5744D-27BF-4E79-8465-831DAF887B30}.Debug|x86.ActiveCfg = Debug|Win32
		{1CA5744D-27BF-4E79-8465-831DAF887B30}.Debug|x86.Build.0 = Debug|Win32
		{1CA5744D-27BF-4E79-8465-831DAF887B30}.Release|x64.ActiveCfg = Release|x64
		{1CA5744D-27BF-4E79-8465-831DAF887B30}.Release|x64.Build.0 = Release|x64
		{1CA5744D-27BF-4E79-8465-831DAF887B30}.Release|x86.ActiveCfg = Release|Win32
		{1CA5744D-27BF-4E79-8465-831DAF887B30}.Release|x86.Build.0 = Release|Win32
		{5F4A74E4-8FEE-4AE6-8E90-C90A5DBC36A3}.Debug|x64.ActiveCfg = Debug|x64
		{5F4A74E4-8FEE-4AE6-8E90-C90A5DBC36A3}.Debug|x64.Build.0 = Debug|x64
		{5F4A74E4-8FEE-4AE6-8E90-C90A5DBC36A3}.Debug|x86.ActiveCfg = Debug|Win32
		{5F4A74E4-8FEE-4AE6-8E90-C90A5DBC36A3}.Debug|x86.Build.0 = Debug|Win32
		{5F4A74E4-8FEE-4AE6-8E90-C90A5DBC36A3}.Release|x64.ActiveCfg = Release|x64
		{5F4A74E4-8FEE-4AE6-8E90-C90A5DBC36A3}.Release|x64.Build.0 = Release|x64
		{5F4A74E4-8FEE-4AE6-8E90-C90A5DBC36A3}.Release|x86.ActiveCfg = Release|Win32
		{5F4A74E4-8FEE-4AE6-8E90-C90A5DBC36A3}.Release|x86.Build.0 = Release|Win32
		{44B492B6-207F-429D-A3AE-CDAF982D8068}.Debug|x64.ActiveCfg = Debug|x64
		{44B492B6-207F-429D-A3AE-CDAF982D8068}.Debug|x64.Build.0 = Debug|x64
		{44B492B6-207F-429D-A3AE-CDAF982D8068}.Debug|x86.ActiveCfg = Debug|Win32
		{44B492B6-207F-429D-A3AE-CDAF982D8068}.Debug|x86.Build.0 = Debug|Win32
		{44B492B6-207F-429D-A3AE-CDAF982D8068}.Release|x64.ActiveCfg = Release|x64
		{44B492B6-207F-429D-A3AE-CDAF982D8068}.Release|x64.Build.0 = Release|x64
		{44B492B6-207F-429D-A3AE-CDAF982D8068}.Release|x86.ActiveCfg = Release|Win32
		{44B492B6-207F-429D-A3AE-CDAF982D8068}.Release|x86.Build.0 = Release|Win32
		{98CDFFB6-BF07-4710-90B6-5F43DD568CA2}.Debug|x64.ActiveCfg = Debug|x64
		{98CDFFB6-BF07-4710-90B6-5F43DD568CA2}.Debug|x64.Build.0 = Debug|x64
		{98CDFFB6-BF07-4710-90B6-5F43DD568CA2}.Debug|x86.ActiveCfg = Debug|Win32
		{98CDFFB6-BF07-4710-90B6-5F43DD568CA2}.Debug|x86.Build.0 = Debug|Win32
		{98CDFFB6-BF07-4710-90B6-5F43DD568CA2}.Release|x64.ActiveCfg = Release|x64
		{98CDFFB6-BF07-4710-90B6-5F43DD568CA2}.Release|x64.Build.0 = Release|x64
		{98CDFFB6-BF07-4710-90B6-5F43DD568CA2}.Release|x86.ActiveCfg = Release|Win32
		{98CDFFB6-BF07-4710-90B6-5F43DD568CA2}.Release|x86.Build.0 = Release|Win32
		{9AEBECBF-09E7-4B96-9F37-D7A40EFC545D}.Debug|x64.ActiveCfg = Debug|x64
		{9AEBECBF-09E7-4B96-9F37-D7A40EFC545D}.Debug|x64.Build.0 = Debug|x64
		{9AEBECBF-09E7-4B96-9F37-D7A40EFC545D}.Debug|x86.ActiveCfg = Debug|Win32
		{9AEBECBF-09E7-4B96-9F37-D7A40EFC545D}.Debug|x86.Build.0 = Debug|Win32
		{9AEBECBF-09E7-4B96-9F37-D7A40EFC545D}.Release|x64.ActiveCfg = Release|x64
		{9AEBECBF-09E7-4B96-9F37-D7A40EFC545D}.Release|x64.Build.0 = Release|x64
		{9AEBECBF-09E7-4B96-9F37-D7A40EFC545D}.Release|x86.ActiveCfg = Release|Win32
		{9AEBECBF-09E7-4B96-9F37-D7A40EFC545D}.Release|x86.Build.0 = Release|Win32
		{1074BC43-E83A-467D-A848-BFDA7E2D3B55}.Debug|x64.ActiveCfg = Debug|x64
		{1074BC43-E83A-467D-A848-BFDA7E2D3B55}.Debug|x64.Build.0 = Debug|x64
		{1074BC43-E83A-467D-A848-BFDA7E2D3B55}.Debug|x86.ActiveCfg = Debug|Win32
		{1074BC43-E83A-467D-A848-BFDA7E2D3B55}.Debug|x86.Build.0 = Debug|Win32
		{1074BC43-E83A-467D-A848-BFDA7E2D3B55}.Release|x64.ActiveCfg = Release|x64
		{1074BC43-E83A-467D-A848-BFDA7E2D3B55}.Release|x64.Build.0 = Release|x64
		{1074BC43-E83A-467D-A848-BFDA7E2D3B55}.Release|x86.ActiveCfg = Release|Win32
		{1074BC43-E83A-467D-A848-BFDA7E2D3B55}.Release|x86.Build.0 = Release|Win32
		{C8D66CEC-D3D8-48BD-ADDF-AA85221A81F5}.Debug|x64.ActiveCfg = Debug|x64
		{C8D66CEC-D3D8-48BD-ADDF-AA85221A81F5}.Debug|x64.Build.0 = Debug|x64
		{C8D66CEC-D3D8-48BD-ADDF-AA85221A81F5}.Debug|x86.ActiveCfg = Debug|Win32
		{C8D66CEC-D3D8-48BD-ADDF-AA85221A81F5}.Debug|x86.Build.0 = Debug|Win32
		{C8D66CEC-D3D8-48BD-ADDF-AA85221A81F5}.Release|x64.ActiveCfg = Release|x64
		{C8D66CEC-D3D8-48BD-ADDF-AA85221A81F5}.Release|x64.Build.0 = Release|x64
		{C8D66CEC-D3D8-48BD-ADDF-AA85221A81F5}.Release|x86.ActiveCfg = Release|Win32
		{C8D66CEC-D3D8-48BD-ADDF-AA85221A81F5}.Release|x86.Build.0 = Release|Win32
		{8C9B7AEB-9479-4643-BDFD-E1A0EB113C5E}.Debug|x64.ActiveCfg = Debug|x64
		{8C9B7AEB-9479-4643-BDFD-E1A0EB113C5E}.Debug|x64.Build.0 = Debug|x64
		{8C9B7AEB-9479-4643-BDFD-E1A0EB113C5E}.Debug|x86.ActiveCfg = Debug|Win32
		{8C9B7AEB-9479-4643-BDFD-E1A0EB113C5E}.Debug|x86.Build.0 = Debug|Win32
		{8C9B7AEB-9479-4643-BDFD-E1A0EB113C5E}.Release|x64.ActiveCfg = Release|x64
		{8C9B7AEB-9479-4643-BDFD-E1A0EB113C5E}.Release|x64.Build.0 = Release|x64
		{8C9B7AEB-9479-4643-BDFD-E1A0EB113C5E}.Release|x86.ActiveCfg = Release|Win32
		{8C9B7AEB-9479-4643-BDFD-E1A0EB113C5E}.Release|x86.Build.0 = Release|Win32
		{67B513B8-25EB-4264-9E62-132736D40464}.Debug|x64.ActiveCfg = Debug|x64
		{67B513B8-25EB-4264-9E62-132736D40464}.Debug|x64.Build.0 = Debug|x64
		{67B513B8-25EB-4264-9E62-132736D40464}.Debug|x86.ActiveCfg = Debug|Win32
		{67B513B8-25EB-4264-9E62-132736D40464}.Debug|x86.Build.0 = Debug|Win32
		{67B513B8-25EB-4264-9E62-132736D40464}.Release|x64.ActiveCfg = Release|x64
		{67B513B8-25EB-4264-9E62-132736D40464}.Release|x64.Build.0 = Release|x64
		{67B513B8-25EB-4264-9E62-132736D40464}.Release|x86.ActiveCfg = Release|Win32
		{67B513B8-25EB-4264-9E62-132736D40464}.Release|x86.Build.0 = Release|Win32
		{0D35CD8D-D6F9-46E6-B59A-2CE990DCA72D}.Debug|x64.ActiveCfg = Debug|x64
		{0D35CD8D-D6F9-46E6-B59A-2CE990DCA72D}.Debug|x64.Build.0 = Debug|x64
		{0D35CD8D-D6F9-46E6-B59A-2CE990DCA72D}.Debug|x86.ActiveCfg = Debug|Win32
		{0D35CD8D-D6F9-46E6-B59A-2CE990DCA72D}.Debug|x86.Build.0 = Debug|Win32
		{0D35CD8D-D6F9-46E6-B59A-2CE990DCA72D}.Release|x64.ActiveCfg = Release|x64
		{0D35CD8D-D6F9-46E6-B59A-2CE990DCA72D}.Release|x64.Build.0 = Release|x64
		{0D35CD8D-D6F9-46E6-B59A-2CE990DCA72D}.Release|x86.ActiveCfg = Release|Win32
		{0D35CD8D-D6F9-46E6-B59A-2CE990DCA72D}.Release|x86.Build.0 = Release|Win32
		{0FE9825E-EA43-4E10-B5F5-A0900AC33875}.Debug|x64.ActiveCfg = Debug|x64
		{0FE9825E-EA43-4E10-B5F5-A0900AC33875}.Debug|x64.Build.0 = Debug|x64
		{0FE9825E-EA43-4E10-B5F5-A0900AC33875}.Debug|x86.ActiveCfg = Debug|Win32
		{0FE9825E-EA43-4E10-B5F5-A0900AC33875}.Debug|x86.Build.0 = Debug|Win32
		{0FE9825E-EA43-4E10-B5F5-A0900AC33875}.Release|x64.ActiveCfg = Release|x64
		{0FE9825E-EA43-4E10-B5F5-A0900AC33875}.Release|x64.Build.0 = Release|x64
		{0FE9825E-EA43-4E10-B5F5-A0900AC33875}.Release|x86.ActiveCfg = Release|Win32
		{0FE9825E-EA43-4E10-B5F5-A0900AC33875}.Release|x86.Build.0 = Release|Win32
		{0DC1B2F8-0AEA-4A17-829F-A67CD80BA9E9}.Debug|x64.ActiveCfg = Debug|x64
		{0DC1B2F8-0AEA-4A17-829F-A67CD80BA9E9}.Debug|x64.Build.0 = Debug|x64
		{0DC1B2F8-0AEA-4A17-829F-A67CD80BA9E9}.Debug|x86.ActiveCfg = Debug|Win32
		{0DC1B2F8-0AEA-4A17-829F-A67CD80BA9E9}.Debug|x86.Build.0 = Debug|Win32
		{0DC1B2F8-0AEA-4A17-829F-A67CD80BA9E9}.Release|x64.ActiveCfg = Release|x64
		{0DC1B2F8-0AEA-4A17-829F-A67CD80BA9E9}.Release|x64.Build.0 = Release|x64
		{0DC1B2F8-0AEA-4A17-829F-A67CD80BA9E9}.Release|x86.ActiveCfg = Release|Win32
		{0DC1B2F8-0AEA-4A17-829F-A67CD80BA9E9}.Release|x86.Build.0 = Release|Win32
		{98FEF46A-2D0E-42F8-93E2-8A01FEFDF97C}.Debug|x64.ActiveCfg = Debug|x64
		{98FEF46A-2D0E-42F8-93E2-8A01FEFDF97C}.Debug|x64.Build.0 = Debug|x64
		{98FEF46A-2D0E-42F8-93E2-8A01FEFDF97C}.Debug|x86.ActiveCfg = Debug|Win32
		{98FEF46A-2D0E-42F8-93E2-8A01FEFDF97C}.Debug|x86.Build.0 = Debug|Win32
		{98FEF46A-2D0E-42F8-93E2-8A01FEFDF97C}.Release|x64.ActiveCfg = Release|x64
		{98FEF46A-2D0E-42F8-93E2-8A01FEFDF97C}.Release|x64.Build.0 = Release|x64
		{98FEF46A-2D0E-42F8-93E2-8A01FEFDF97C}.Release|x86.ActiveCfg = Release|Win32
		{98FEF46A-2D0E-42F8-93E2-8A01FEFDF97C}.Release|x86.Build.0 = Release|Win32
		{DDBCAF4C-C829-42FF-8E46-8625BE92E1EC}.Debug|x64.ActiveCfg = Debug|x64
		{DDBCAF4C-C829-42FF-8E46-8625BE92E1EC}.Debug|x64.Build.0 = Debug|x64
		{DDBCAF4C-C829-42FF-8E46-8625BE92E1EC}.Debug|x86.ActiveCfg = Debug|Win32
		{DDBCAF4C-C829-42FF-8E46-8625BE92E1EC}.Debug|x86.Build.0 = Debug|Win32
		{DDBCAF4C-C829-42FF-8E46-8625BE92E1EC}.Release|x64.ActiveCfg = Release|x64
		{DDBCAF4C-C829-42FF-8E46-8625BE92E1EC}.Release|x64.Build.0 = Release|x64
		{DDBCAF4C-C829-42FF-8E46-8625BE92E1EC}.Release|x86.ActiveCfg = Release|Win32
		{DDBCAF4C-C829-42FF-8E46-8625BE92E1EC}.Release|x86.Build.0 = Release|Win32
		{A7697615-211A-42BD-9EE7-44270A5D6ECE}.Debug|x64.ActiveCfg = Debug|x64
		{A7697615-211A-42BD-9EE7-44270A5D6ECE}.Debug|x64.Build.0 = Debug|x64
		{A7697615-211A-42BD-9EE7-44270A5D6ECE}.Debug|x86.ActiveCfg = Debug|Win32
		{A7697615-211A-42BD-9EE7-44270A5D6ECE}.Debug|x86.Build.0 = Debug|Win32
		{A7697615-211A-42BD-9EE7-44270A5D6ECE}.Release|x64.ActiveCfg = Release|x64
		{A7697615-211A-42BD-9EE7-44270A5D6ECE}.Release|x64.Build.0 = Release|x64
		{A7697615-211A-42BD-9EE7-44270A5D6ECE}.Release|x86.ActiveCfg = Release|Win32
		{A7697615-211A-42BD-9EE7-44270A5D6ECE}.Release|x86.Build.0 = Release|Win32
		{4C5AA1F6-7807-48EA-8E90-49AB70F364A9}.Debug|x64.ActiveCfg = Debug|x64
		{4C5AA1F6-7807-48EA-8E90-49AB70F364A9}.Debug|x64.Build.0 = Debug|x64
		{4C5AA1F6-7807-48EA-8E90-49AB70F364A9}.Debug|x86.ActiveCfg = Debug|Win32
		{4C5AA1F6-7807-48EA-8E90-49AB70F364A9}.Debug|x86.Build.0 = Debug|Win32
		{4C5AA1F6-7807-48EA-8E90-49AB70F364A9}.Release|x64.ActiveCfg = Release|x64
		{4C5AA1F6-7807-48EA-8E90-49AB70F364A9}.Release|x64.Build.0 = Release|x64
		{4C5AA1F6-7807-48EA-8E90-49AB70F364A9}.Release|x86.ActiveCfg = Release|Win32
		{4C5AA1F6-7807-48EA-8E90-49AB70F364A9}.Release|x86.Build.0 = Release|Win32
		{8BE58B68-398D-472C-8DCC-868657AEDD76}.Debug|x64.ActiveCfg = Debug|x64
		{8BE58B68-398D-472C-8DCC-868657AEDD76}.Debug|x64.Build.0 = Debug|x64
		{8BE58B68-398D-472C-8DCC-868657AEDD76}.Debug|x86.ActiveCfg = Debug|Win32
		{8BE58B68-398D-472C-8DCC-868657AEDD76}.Debug|x86.Build.0 = Debug|Win32
		{8BE58B68-398D-472C-8DCC-868657AEDD76}.Release|x64.ActiveCfg = Release|x64
		{8BE58B68-398D-472C-8DCC-868657AEDD76}.Release|x64.Build.0 = Release|x64
		{8BE58B68-398D-472C-8DCC-868657AEDD76}.Release|x86.ActiveCfg = Release|Win32
		{8BE58B68-398D-472C-8DCC-868657AEDD76}.Release|x86.Build.0 = Release|Win32
	EndGlobalSection
	GlobalSection(SolutionProperties) = preSolution
		HideSolutionNode = FALSE
	EndGlobalSection
	GlobalSection(ExtensibilityGlobals) = postSolution
		SolutionGuid = {A9F73ADF-8FFE-4ACD-A082-D230CFAAE141}
	EndGlobalSection
EndGlobal
