
Microsoft Visual Studio Solution File, Format Version 12.00
# Visual Studio 15
VisualStudioVersion = 15.0.26730.12
MinimumVisualStudioVersion = 10.0.40219.1
Project("{8BC9CEB8-8B4A-11D0-8D11-00A0C91BC942}") = "Проект4", "Проект4\Проект4.vcxproj", "{EF71F99E-BD42-40E1-A9F4-284580B36A23}"
EndProject
Global
	GlobalSection(SolutionConfigurationPlatforms) = preSolution
		Debug|x64 = Debug|x64
		Debug|x86 = Debug|x86
		Release|x64 = Release|x64
		Release|x86 = Release|x86
	EndGlobalSection
	GlobalSection(ProjectConfigurationPlatforms) = postSolution
		{EF71F99E-BD42-40E1-A9F4-284580B36A23}.Debug|x64.ActiveCfg = Debug|x64
		{EF71F99E-BD42-40E1-A9F4-284580B36A23}.Debug|x64.Build.0 = Debug|x64
		{EF71F99E-BD42-40E1-A9F4-284580B36A23}.Debug|x86.ActiveCfg = Debug|Win32
		{EF71F99E-BD42-40E1-A9F4-284580B36A23}.Debug|x86.Build.0 = Debug|Win32
		{EF71F99E-BD42-40E1-A9F4-284580B36A23}.Release|x64.ActiveCfg = Release|x64
		{EF71F99E-BD42-40E1-A9F4-284580B36A23}.Release|x64.Build.0 = Release|x64
		{EF71F99E-BD42-40E1-A9F4-284580B36A23}.Release|x86.ActiveCfg = Release|Win32
		{EF71F99E-BD42-40E1-A9F4-284580B36A23}.Release|x86.Build.0 = Release|Win32
	EndGlobalSection
	GlobalSection(SolutionProperties) = preSolution
		HideSolutionNode = FALSE
	EndGlobalSection
	GlobalSection(ExtensibilityGlobals) = postSolution
		SolutionGuid = {BD984FEC-4A54-4B4E-A642-5A0CC48AB236}
	EndGlobalSection
EndGlobal
