
Microsoft Visual Studio Solution File, Format Version 12.00
# Visual Studio 15
VisualStudioVersion = 15.0.26730.12
MinimumVisualStudioVersion = 10.0.40219.1
Project("{8BC9CEB8-8B4A-11D0-8D11-00A0C91BC942}") = "Lesson1task1", "Courses\Courses.vcxproj", "{4712B53A-B251-482B-A925-D335AE36B1D9}"
EndProject
Project("{8BC9CEB8-8B4A-11D0-8D11-00A0C91BC942}") = "Lesson1task2", "Lesson 1, Pr2\Lesson 1, Pr2.vcxproj", "{6CAD934E-290F-4B2F-B850-51A983A01B22}"
EndProject
Project("{8BC9CEB8-8B4A-11D0-8D11-00A0C91BC942}") = "Lesson1task3", "Pr 3\Pr 3.vcxproj", "{592E0422-8634-4823-AE5C-51751869BE9B}"
EndProject
Project("{8BC9CEB8-8B4A-11D0-8D11-00A0C91BC942}") = "autostruct", "autostruct\autostruct.vcxproj", "{F5D198C6-0938-4217-8783-DCD540BAE65B}"
EndProject
Project("{8BC9CEB8-8B4A-11D0-8D11-00A0C91BC942}") = "Lesson2task1(calc hex)", "Lesson2task1(calc hex)\Lesson2task1(calc hex).vcxproj", "{31998C19-F0DE-4948-8890-3A1ADF4E54D9}"
EndProject
Project("{8BC9CEB8-8B4A-11D0-8D11-00A0C91BC942}") = "Lesson2task2", "Lesson2task2\Lesson2task2.vcxproj", "{659A7D0C-B916-4B3A-8322-C6365B44C6FC}"
EndProject
Project("{8BC9CEB8-8B4A-11D0-8D11-00A0C91BC942}") = "Lesson2task3", "Lesson2task3\Lesson2task3.vcxproj", "{093400A9-29F5-401F-8866-BFE8D7C8804A}"
EndProject
Project("{8BC9CEB8-8B4A-11D0-8D11-00A0C91BC942}") = "Lesson3task1", "Lesson3task1\Lesson3task1.vcxproj", "{031C17E0-CCB4-4D6E-9FBB-7FBB42B773C2}"
EndProject
Project("{8BC9CEB8-8B4A-11D0-8D11-00A0C91BC942}") = "Lesson3task2Arrays", "Lesson3task2Arrays\Lesson3task2Arrays.vcxproj", "{33F95E40-7967-43F7-963D-B1210C670E81}"
EndProject
Project("{8BC9CEB8-8B4A-11D0-8D11-00A0C91BC942}") = "Lesson3task3ReverseArray", "Lesson3task3ReverseArray\Lesson3task3ReverseArray.vcxproj", "{E1395FFA-05A4-433E-84BB-78787F9EFD91}"
EndProject
Project("{8BC9CEB8-8B4A-11D0-8D11-00A0C91BC942}") = "Lesson3task4Sorts", "Lesson3task4Sorts\Lesson3task4Sorts.vcxproj", "{3C948820-A3E0-4A3F-98A7-2FBE81CF1CC4}"
EndProject
Project("{8BC9CEB8-8B4A-11D0-8D11-00A0C91BC942}") = "Lesson3task5IndexOfElementInArray", "Lesson3task5IndexOfElementInArray\Lesson3task5IndexOfElementInArray.vcxproj", "{6737CCE4-9633-4A59-9924-C15A1B7D49BE}"
EndProject
Project("{8BC9CEB8-8B4A-11D0-8D11-00A0C91BC942}") = "Lesson4task1", "Lesson4task1\Lesson4task1.vcxproj", "{EB143A44-3A1F-4914-9AC9-70518BB7D957}"
EndProject
Project("{8BC9CEB8-8B4A-11D0-8D11-00A0C91BC942}") = "Lesson4task2", "Lesson4task2\Lesson4task2.vcxproj", "{5588C3F9-E46E-4636-B5D8-593D5DE30C14}"
EndProject
Project("{8BC9CEB8-8B4A-11D0-8D11-00A0C91BC942}") = "lesson5homework", "homeworkForLesson5\homeworkForLesson5.vcxproj", "{79A3653D-522A-4326-B055-67A4D175DFE8}"
EndProject
Project("{8BC9CEB8-8B4A-11D0-8D11-00A0C91BC942}") = "Lesson5task1", "Lesson5task1\Lesson5task1.vcxproj", "{9349930A-774A-48E2-A6FD-3341C0CC29AA}"
EndProject
Project("{8BC9CEB8-8B4A-11D0-8D11-00A0C91BC942}") = "Lesson5task2Parametrs", "Lesson5task2Parametrs\Lesson5task2Parametrs.vcxproj", "{08B24293-5B40-4838-B7B1-962033DF49A0}"
EndProject
Project("{8BC9CEB8-8B4A-11D0-8D11-00A0C91BC942}") = "lesson5task3Strings", "lesson5task3Strings\lesson5task3Strings.vcxproj", "{C088FE58-9643-4D67-9B3A-BE5EB04FFF19}"
EndProject
Project("{8BC9CEB8-8B4A-11D0-8D11-00A0C91BC942}") = "lesson5task4", "lesson5task4\lesson5task4.vcxproj", "{AADF40D1-C9F2-4331-9725-1E9FB4111BF4}"
EndProject
Project("{8BC9CEB8-8B4A-11D0-8D11-00A0C91BC942}") = "Lesson6task1", "Lesson6task1\Lesson6task1.vcxproj", "{D9F6C60B-09F9-4754-B273-0DE8A57DB11B}"
EndProject
Global
	GlobalSection(SolutionConfigurationPlatforms) = preSolution
		Debug|x64 = Debug|x64
		Debug|x86 = Debug|x86
		Release|x64 = Release|x64
		Release|x86 = Release|x86
	EndGlobalSection
	GlobalSection(ProjectConfigurationPlatforms) = postSolution
		{4712B53A-B251-482B-A925-D335AE36B1D9}.Debug|x64.ActiveCfg = Debug|x64
		{4712B53A-B251-482B-A925-D335AE36B1D9}.Debug|x64.Build.0 = Debug|x64
		{4712B53A-B251-482B-A925-D335AE36B1D9}.Debug|x86.ActiveCfg = Debug|Win32
		{4712B53A-B251-482B-A925-D335AE36B1D9}.Debug|x86.Build.0 = Debug|Win32
		{4712B53A-B251-482B-A925-D335AE36B1D9}.Release|x64.ActiveCfg = Release|x64
		{4712B53A-B251-482B-A925-D335AE36B1D9}.Release|x64.Build.0 = Release|x64
		{4712B53A-B251-482B-A925-D335AE36B1D9}.Release|x86.ActiveCfg = Release|Win32
		{4712B53A-B251-482B-A925-D335AE36B1D9}.Release|x86.Build.0 = Release|Win32
		{6CAD934E-290F-4B2F-B850-51A983A01B22}.Debug|x64.ActiveCfg = Debug|x64
		{6CAD934E-290F-4B2F-B850-51A983A01B22}.Debug|x64.Build.0 = Debug|x64
		{6CAD934E-290F-4B2F-B850-51A983A01B22}.Debug|x86.ActiveCfg = Debug|Win32
		{6CAD934E-290F-4B2F-B850-51A983A01B22}.Debug|x86.Build.0 = Debug|Win32
		{6CAD934E-290F-4B2F-B850-51A983A01B22}.Release|x64.ActiveCfg = Release|x64
		{6CAD934E-290F-4B2F-B850-51A983A01B22}.Release|x64.Build.0 = Release|x64
		{6CAD934E-290F-4B2F-B850-51A983A01B22}.Release|x86.ActiveCfg = Release|Win32
		{6CAD934E-290F-4B2F-B850-51A983A01B22}.Release|x86.Build.0 = Release|Win32
		{592E0422-8634-4823-AE5C-51751869BE9B}.Debug|x64.ActiveCfg = Debug|x64
		{592E0422-8634-4823-AE5C-51751869BE9B}.Debug|x64.Build.0 = Debug|x64
		{592E0422-8634-4823-AE5C-51751869BE9B}.Debug|x86.ActiveCfg = Debug|Win32
		{592E0422-8634-4823-AE5C-51751869BE9B}.Debug|x86.Build.0 = Debug|Win32
		{592E0422-8634-4823-AE5C-51751869BE9B}.Release|x64.ActiveCfg = Release|x64
		{592E0422-8634-4823-AE5C-51751869BE9B}.Release|x64.Build.0 = Release|x64
		{592E0422-8634-4823-AE5C-51751869BE9B}.Release|x86.ActiveCfg = Release|Win32
		{592E0422-8634-4823-AE5C-51751869BE9B}.Release|x86.Build.0 = Release|Win32
		{F5D198C6-0938-4217-8783-DCD540BAE65B}.Debug|x64.ActiveCfg = Debug|x64
		{F5D198C6-0938-4217-8783-DCD540BAE65B}.Debug|x64.Build.0 = Debug|x64
		{F5D198C6-0938-4217-8783-DCD540BAE65B}.Debug|x86.ActiveCfg = Debug|Win32
		{F5D198C6-0938-4217-8783-DCD540BAE65B}.Debug|x86.Build.0 = Debug|Win32
		{F5D198C6-0938-4217-8783-DCD540BAE65B}.Release|x64.ActiveCfg = Release|x64
		{F5D198C6-0938-4217-8783-DCD540BAE65B}.Release|x64.Build.0 = Release|x64
		{F5D198C6-0938-4217-8783-DCD540BAE65B}.Release|x86.ActiveCfg = Release|Win32
		{F5D198C6-0938-4217-8783-DCD540BAE65B}.Release|x86.Build.0 = Release|Win32
		{31998C19-F0DE-4948-8890-3A1ADF4E54D9}.Debug|x64.ActiveCfg = Debug|x64
		{31998C19-F0DE-4948-8890-3A1ADF4E54D9}.Debug|x64.Build.0 = Debug|x64
		{31998C19-F0DE-4948-8890-3A1ADF4E54D9}.Debug|x86.ActiveCfg = Debug|Win32
		{31998C19-F0DE-4948-8890-3A1ADF4E54D9}.Debug|x86.Build.0 = Debug|Win32
		{31998C19-F0DE-4948-8890-3A1ADF4E54D9}.Release|x64.ActiveCfg = Release|x64
		{31998C19-F0DE-4948-8890-3A1ADF4E54D9}.Release|x64.Build.0 = Release|x64
		{31998C19-F0DE-4948-8890-3A1ADF4E54D9}.Release|x86.ActiveCfg = Release|Win32
		{31998C19-F0DE-4948-8890-3A1ADF4E54D9}.Release|x86.Build.0 = Release|Win32
		{659A7D0C-B916-4B3A-8322-C6365B44C6FC}.Debug|x64.ActiveCfg = Debug|x64
		{659A7D0C-B916-4B3A-8322-C6365B44C6FC}.Debug|x64.Build.0 = Debug|x64
		{659A7D0C-B916-4B3A-8322-C6365B44C6FC}.Debug|x86.ActiveCfg = Debug|Win32
		{659A7D0C-B916-4B3A-8322-C6365B44C6FC}.Debug|x86.Build.0 = Debug|Win32
		{659A7D0C-B916-4B3A-8322-C6365B44C6FC}.Release|x64.ActiveCfg = Release|x64
		{659A7D0C-B916-4B3A-8322-C6365B44C6FC}.Release|x64.Build.0 = Release|x64
		{659A7D0C-B916-4B3A-8322-C6365B44C6FC}.Release|x86.ActiveCfg = Release|Win32
		{659A7D0C-B916-4B3A-8322-C6365B44C6FC}.Release|x86.Build.0 = Release|Win32
		{093400A9-29F5-401F-8866-BFE8D7C8804A}.Debug|x64.ActiveCfg = Debug|x64
		{093400A9-29F5-401F-8866-BFE8D7C8804A}.Debug|x64.Build.0 = Debug|x64
		{093400A9-29F5-401F-8866-BFE8D7C8804A}.Debug|x86.ActiveCfg = Debug|Win32
		{093400A9-29F5-401F-8866-BFE8D7C8804A}.Debug|x86.Build.0 = Debug|Win32
		{093400A9-29F5-401F-8866-BFE8D7C8804A}.Release|x64.ActiveCfg = Release|x64
		{093400A9-29F5-401F-8866-BFE8D7C8804A}.Release|x64.Build.0 = Release|x64
		{093400A9-29F5-401F-8866-BFE8D7C8804A}.Release|x86.ActiveCfg = Release|Win32
		{093400A9-29F5-401F-8866-BFE8D7C8804A}.Release|x86.Build.0 = Release|Win32
		{031C17E0-CCB4-4D6E-9FBB-7FBB42B773C2}.Debug|x64.ActiveCfg = Debug|x64
		{031C17E0-CCB4-4D6E-9FBB-7FBB42B773C2}.Debug|x64.Build.0 = Debug|x64
		{031C17E0-CCB4-4D6E-9FBB-7FBB42B773C2}.Debug|x86.ActiveCfg = Debug|Win32
		{031C17E0-CCB4-4D6E-9FBB-7FBB42B773C2}.Debug|x86.Build.0 = Debug|Win32
		{031C17E0-CCB4-4D6E-9FBB-7FBB42B773C2}.Release|x64.ActiveCfg = Release|x64
		{031C17E0-CCB4-4D6E-9FBB-7FBB42B773C2}.Release|x64.Build.0 = Release|x64
		{031C17E0-CCB4-4D6E-9FBB-7FBB42B773C2}.Release|x86.ActiveCfg = Release|Win32
		{031C17E0-CCB4-4D6E-9FBB-7FBB42B773C2}.Release|x86.Build.0 = Release|Win32
		{33F95E40-7967-43F7-963D-B1210C670E81}.Debug|x64.ActiveCfg = Debug|x64
		{33F95E40-7967-43F7-963D-B1210C670E81}.Debug|x64.Build.0 = Debug|x64
		{33F95E40-7967-43F7-963D-B1210C670E81}.Debug|x86.ActiveCfg = Debug|Win32
		{33F95E40-7967-43F7-963D-B1210C670E81}.Debug|x86.Build.0 = Debug|Win32
		{33F95E40-7967-43F7-963D-B1210C670E81}.Release|x64.ActiveCfg = Release|x64
		{33F95E40-7967-43F7-963D-B1210C670E81}.Release|x64.Build.0 = Release|x64
		{33F95E40-7967-43F7-963D-B1210C670E81}.Release|x86.ActiveCfg = Release|Win32
		{33F95E40-7967-43F7-963D-B1210C670E81}.Release|x86.Build.0 = Release|Win32
		{E1395FFA-05A4-433E-84BB-78787F9EFD91}.Debug|x64.ActiveCfg = Debug|x64
		{E1395FFA-05A4-433E-84BB-78787F9EFD91}.Debug|x64.Build.0 = Debug|x64
		{E1395FFA-05A4-433E-84BB-78787F9EFD91}.Debug|x86.ActiveCfg = Debug|Win32
		{E1395FFA-05A4-433E-84BB-78787F9EFD91}.Debug|x86.Build.0 = Debug|Win32
		{E1395FFA-05A4-433E-84BB-78787F9EFD91}.Release|x64.ActiveCfg = Release|x64
		{E1395FFA-05A4-433E-84BB-78787F9EFD91}.Release|x64.Build.0 = Release|x64
		{E1395FFA-05A4-433E-84BB-78787F9EFD91}.Release|x86.ActiveCfg = Release|Win32
		{E1395FFA-05A4-433E-84BB-78787F9EFD91}.Release|x86.Build.0 = Release|Win32
		{3C948820-A3E0-4A3F-98A7-2FBE81CF1CC4}.Debug|x64.ActiveCfg = Debug|x64
		{3C948820-A3E0-4A3F-98A7-2FBE81CF1CC4}.Debug|x64.Build.0 = Debug|x64
		{3C948820-A3E0-4A3F-98A7-2FBE81CF1CC4}.Debug|x86.ActiveCfg = Debug|Win32
		{3C948820-A3E0-4A3F-98A7-2FBE81CF1CC4}.Debug|x86.Build.0 = Debug|Win32
		{3C948820-A3E0-4A3F-98A7-2FBE81CF1CC4}.Release|x64.ActiveCfg = Release|x64
		{3C948820-A3E0-4A3F-98A7-2FBE81CF1CC4}.Release|x64.Build.0 = Release|x64
		{3C948820-A3E0-4A3F-98A7-2FBE81CF1CC4}.Release|x86.ActiveCfg = Release|Win32
		{3C948820-A3E0-4A3F-98A7-2FBE81CF1CC4}.Release|x86.Build.0 = Release|Win32
		{6737CCE4-9633-4A59-9924-C15A1B7D49BE}.Debug|x64.ActiveCfg = Debug|x64
		{6737CCE4-9633-4A59-9924-C15A1B7D49BE}.Debug|x64.Build.0 = Debug|x64
		{6737CCE4-9633-4A59-9924-C15A1B7D49BE}.Debug|x86.ActiveCfg = Debug|Win32
		{6737CCE4-9633-4A59-9924-C15A1B7D49BE}.Debug|x86.Build.0 = Debug|Win32
		{6737CCE4-9633-4A59-9924-C15A1B7D49BE}.Release|x64.ActiveCfg = Release|x64
		{6737CCE4-9633-4A59-9924-C15A1B7D49BE}.Release|x64.Build.0 = Release|x64
		{6737CCE4-9633-4A59-9924-C15A1B7D49BE}.Release|x86.ActiveCfg = Release|Win32
		{6737CCE4-9633-4A59-9924-C15A1B7D49BE}.Release|x86.Build.0 = Release|Win32
		{EB143A44-3A1F-4914-9AC9-70518BB7D957}.Debug|x64.ActiveCfg = Debug|x64
		{EB143A44-3A1F-4914-9AC9-70518BB7D957}.Debug|x64.Build.0 = Debug|x64
		{EB143A44-3A1F-4914-9AC9-70518BB7D957}.Debug|x86.ActiveCfg = Debug|Win32
		{EB143A44-3A1F-4914-9AC9-70518BB7D957}.Debug|x86.Build.0 = Debug|Win32
		{EB143A44-3A1F-4914-9AC9-70518BB7D957}.Release|x64.ActiveCfg = Release|x64
		{EB143A44-3A1F-4914-9AC9-70518BB7D957}.Release|x64.Build.0 = Release|x64
		{EB143A44-3A1F-4914-9AC9-70518BB7D957}.Release|x86.ActiveCfg = Release|Win32
		{EB143A44-3A1F-4914-9AC9-70518BB7D957}.Release|x86.Build.0 = Release|Win32
		{5588C3F9-E46E-4636-B5D8-593D5DE30C14}.Debug|x64.ActiveCfg = Debug|x64
		{5588C3F9-E46E-4636-B5D8-593D5DE30C14}.Debug|x64.Build.0 = Debug|x64
		{5588C3F9-E46E-4636-B5D8-593D5DE30C14}.Debug|x86.ActiveCfg = Debug|Win32
		{5588C3F9-E46E-4636-B5D8-593D5DE30C14}.Debug|x86.Build.0 = Debug|Win32
		{5588C3F9-E46E-4636-B5D8-593D5DE30C14}.Release|x64.ActiveCfg = Release|x64
		{5588C3F9-E46E-4636-B5D8-593D5DE30C14}.Release|x64.Build.0 = Release|x64
		{5588C3F9-E46E-4636-B5D8-593D5DE30C14}.Release|x86.ActiveCfg = Release|Win32
		{5588C3F9-E46E-4636-B5D8-593D5DE30C14}.Release|x86.Build.0 = Release|Win32
		{79A3653D-522A-4326-B055-67A4D175DFE8}.Debug|x64.ActiveCfg = Debug|x64
		{79A3653D-522A-4326-B055-67A4D175DFE8}.Debug|x64.Build.0 = Debug|x64
		{79A3653D-522A-4326-B055-67A4D175DFE8}.Debug|x86.ActiveCfg = Debug|Win32
		{79A3653D-522A-4326-B055-67A4D175DFE8}.Debug|x86.Build.0 = Debug|Win32
		{79A3653D-522A-4326-B055-67A4D175DFE8}.Release|x64.ActiveCfg = Release|x64
		{79A3653D-522A-4326-B055-67A4D175DFE8}.Release|x64.Build.0 = Release|x64
		{79A3653D-522A-4326-B055-67A4D175DFE8}.Release|x86.ActiveCfg = Release|Win32
		{79A3653D-522A-4326-B055-67A4D175DFE8}.Release|x86.Build.0 = Release|Win32
		{9349930A-774A-48E2-A6FD-3341C0CC29AA}.Debug|x64.ActiveCfg = Debug|x64
		{9349930A-774A-48E2-A6FD-3341C0CC29AA}.Debug|x64.Build.0 = Debug|x64
		{9349930A-774A-48E2-A6FD-3341C0CC29AA}.Debug|x86.ActiveCfg = Debug|Win32
		{9349930A-774A-48E2-A6FD-3341C0CC29AA}.Debug|x86.Build.0 = Debug|Win32
		{9349930A-774A-48E2-A6FD-3341C0CC29AA}.Release|x64.ActiveCfg = Release|x64
		{9349930A-774A-48E2-A6FD-3341C0CC29AA}.Release|x64.Build.0 = Release|x64
		{9349930A-774A-48E2-A6FD-3341C0CC29AA}.Release|x86.ActiveCfg = Release|Win32
		{9349930A-774A-48E2-A6FD-3341C0CC29AA}.Release|x86.Build.0 = Release|Win32
		{08B24293-5B40-4838-B7B1-962033DF49A0}.Debug|x64.ActiveCfg = Debug|x64
		{08B24293-5B40-4838-B7B1-962033DF49A0}.Debug|x64.Build.0 = Debug|x64
		{08B24293-5B40-4838-B7B1-962033DF49A0}.Debug|x86.ActiveCfg = Debug|Win32
		{08B24293-5B40-4838-B7B1-962033DF49A0}.Debug|x86.Build.0 = Debug|Win32
		{08B24293-5B40-4838-B7B1-962033DF49A0}.Release|x64.ActiveCfg = Release|x64
		{08B24293-5B40-4838-B7B1-962033DF49A0}.Release|x64.Build.0 = Release|x64
		{08B24293-5B40-4838-B7B1-962033DF49A0}.Release|x86.ActiveCfg = Release|Win32
		{08B24293-5B40-4838-B7B1-962033DF49A0}.Release|x86.Build.0 = Release|Win32
		{C088FE58-9643-4D67-9B3A-BE5EB04FFF19}.Debug|x64.ActiveCfg = Debug|x64
		{C088FE58-9643-4D67-9B3A-BE5EB04FFF19}.Debug|x64.Build.0 = Debug|x64
		{C088FE58-9643-4D67-9B3A-BE5EB04FFF19}.Debug|x86.ActiveCfg = Debug|Win32
		{C088FE58-9643-4D67-9B3A-BE5EB04FFF19}.Debug|x86.Build.0 = Debug|Win32
		{C088FE58-9643-4D67-9B3A-BE5EB04FFF19}.Release|x64.ActiveCfg = Release|x64
		{C088FE58-9643-4D67-9B3A-BE5EB04FFF19}.Release|x64.Build.0 = Release|x64
		{C088FE58-9643-4D67-9B3A-BE5EB04FFF19}.Release|x86.ActiveCfg = Release|Win32
		{C088FE58-9643-4D67-9B3A-BE5EB04FFF19}.Release|x86.Build.0 = Release|Win32
		{AADF40D1-C9F2-4331-9725-1E9FB4111BF4}.Debug|x64.ActiveCfg = Debug|x64
		{AADF40D1-C9F2-4331-9725-1E9FB4111BF4}.Debug|x64.Build.0 = Debug|x64
		{AADF40D1-C9F2-4331-9725-1E9FB4111BF4}.Debug|x86.ActiveCfg = Debug|Win32
		{AADF40D1-C9F2-4331-9725-1E9FB4111BF4}.Debug|x86.Build.0 = Debug|Win32
		{AADF40D1-C9F2-4331-9725-1E9FB4111BF4}.Release|x64.ActiveCfg = Release|x64
		{AADF40D1-C9F2-4331-9725-1E9FB4111BF4}.Release|x64.Build.0 = Release|x64
		{AADF40D1-C9F2-4331-9725-1E9FB4111BF4}.Release|x86.ActiveCfg = Release|Win32
		{AADF40D1-C9F2-4331-9725-1E9FB4111BF4}.Release|x86.Build.0 = Release|Win32
		{D9F6C60B-09F9-4754-B273-0DE8A57DB11B}.Debug|x64.ActiveCfg = Debug|x64
		{D9F6C60B-09F9-4754-B273-0DE8A57DB11B}.Debug|x64.Build.0 = Debug|x64
		{D9F6C60B-09F9-4754-B273-0DE8A57DB11B}.Debug|x86.ActiveCfg = Debug|Win32
		{D9F6C60B-09F9-4754-B273-0DE8A57DB11B}.Debug|x86.Build.0 = Debug|Win32
		{D9F6C60B-09F9-4754-B273-0DE8A57DB11B}.Release|x64.ActiveCfg = Release|x64
		{D9F6C60B-09F9-4754-B273-0DE8A57DB11B}.Release|x64.Build.0 = Release|x64
		{D9F6C60B-09F9-4754-B273-0DE8A57DB11B}.Release|x86.ActiveCfg = Release|Win32
		{D9F6C60B-09F9-4754-B273-0DE8A57DB11B}.Release|x86.Build.0 = Release|Win32
	EndGlobalSection
	GlobalSection(SolutionProperties) = preSolution
		HideSolutionNode = FALSE
	EndGlobalSection
	GlobalSection(ExtensibilityGlobals) = postSolution
		SolutionGuid = {E3B0F105-762D-4B70-A4C4-B0EB8C934AD0}
	EndGlobalSection
EndGlobal
